// !$*UTF8*$!
{
	archiveVersion = 1;
	classes = {
	};
	objectVersion = 56;
	objects = {

/* Begin PBXBuildFile section */
		D904C2D52BC0C52F007789F4 /* CarInfo.swift in Sources */ = {isa = PBXBuildFile; fileRef = D904C2D42BC0C52E007789F4 /* CarInfo.swift */; };
		D904C2D72BC0CD1A007789F4 /* WltpSection.swift in Sources */ = {isa = PBXBuildFile; fileRef = D904C2D62BC0CD1A007789F4 /* WltpSection.swift */; };
		D90CF3972BDD37FB007CBDB1 /* TorqueSection.swift in Sources */ = {isa = PBXBuildFile; fileRef = D90CF3962BDD37FB007CBDB1 /* TorqueSection.swift */; };
		D90CF3992BDD4F91007CBDB1 /* CarsSection.swift in Sources */ = {isa = PBXBuildFile; fileRef = D90CF3982BDD4F91007CBDB1 /* CarsSection.swift */; };
		D90CF3B32BDE7962007CBDB1 /* Car.swift in Sources */ = {isa = PBXBuildFile; fileRef = D90CF3B22BDE7962007CBDB1 /* Car.swift */; };
		D90CF3B72BDE7DC0007CBDB1 /* CarViewModel.swift in Sources */ = {isa = PBXBuildFile; fileRef = D90CF3B62BDE7DC0007CBDB1 /* CarViewModel.swift */; };
		D93FD2522BA5E4AC0018F361 /* PorscheApp.swift in Sources */ = {isa = PBXBuildFile; fileRef = D93FD2512BA5E4AC0018F361 /* PorscheApp.swift */; };
		D93FD2542BA5E4AC0018F361 /* MainView.swift in Sources */ = {isa = PBXBuildFile; fileRef = D93FD2532BA5E4AC0018F361 /* MainView.swift */; };
		D93FD2562BA5E4AF0018F361 /* Assets.xcassets in Resources */ = {isa = PBXBuildFile; fileRef = D93FD2552BA5E4AF0018F361 /* Assets.xcassets */; };
		D93FD25A2BA5E4AF0018F361 /* Preview Assets.xcassets in Resources */ = {isa = PBXBuildFile; fileRef = D93FD2592BA5E4AF0018F361 /* Preview Assets.xcassets */; };
		D93FD26C2BA5E6580018F361 /* FontManager.swift in Sources */ = {isa = PBXBuildFile; fileRef = D93FD26B2BA5E6580018F361 /* FontManager.swift */; };
		D93FD2852BA602DF0018F361 /* SceneKitView.swift in Sources */ = {isa = PBXBuildFile; fileRef = D93FD2842BA602DF0018F361 /* SceneKitView.swift */; };
		D93FD2C42BA681320018F361 /* 911porschav3title.ttf in Resources */ = {isa = PBXBuildFile; fileRef = D93FD2C32BA681310018F361 /* 911porschav3title.ttf */; };
		D98F8D4A2C875A0200E957CA /* PorscheTests.swift in Sources */ = {isa = PBXBuildFile; fileRef = D98F8D492C875A0200E957CA /* PorscheTests.swift */; };
		D98F8D572C87F2B800E957CA /* PorscheUITests.swift in Sources */ = {isa = PBXBuildFile; fileRef = D98F8D562C87F2B800E957CA /* PorscheUITests.swift */; };
		D98F8D592C87F2B800E957CA /* PorscheUITestsLaunchTests.swift in Sources */ = {isa = PBXBuildFile; fileRef = D98F8D582C87F2B800E957CA /* PorscheUITestsLaunchTests.swift */; };
		D9A1B30C2BDFDFC8004898F3 /* Poppins-Bold.ttf in Resources */ = {isa = PBXBuildFile; fileRef = D9A1B30A2BDFDFC8004898F3 /* Poppins-Bold.ttf */; };
		D9A1B30D2BDFDFC8004898F3 /* Poppins-Medium.ttf in Resources */ = {isa = PBXBuildFile; fileRef = D9A1B30B2BDFDFC8004898F3 /* Poppins-Medium.ttf */; };
		D9BBA7632BE833E80084E022 /* Torque.swift in Sources */ = {isa = PBXBuildFile; fileRef = D9BBA7622BE833E80084E022 /* Torque.swift */; };
		D9BBA7822BE85B5A0084E022 /* CarItemView.swift in Sources */ = {isa = PBXBuildFile; fileRef = D9BBA7812BE85B5A0084E022 /* CarItemView.swift */; };
		D9C0A9CD2C86234F0097192F /* WltpInfoRow.swift in Sources */ = {isa = PBXBuildFile; fileRef = D9C0A9CC2C86234F0097192F /* WltpInfoRow.swift */; };
		D9C0A9CF2C867D730097192F /* CarInfoItem.swift in Sources */ = {isa = PBXBuildFile; fileRef = D9C0A9CE2C867D730097192F /* CarInfoItem.swift */; };
		D9C81C852C32058700A08C50 /* car3.mp3 in Resources */ = {isa = PBXBuildFile; fileRef = D9C81C822C32058700A08C50 /* car3.mp3 */; };
		D9C81C862C32058700A08C50 /* car2.mp3 in Resources */ = {isa = PBXBuildFile; fileRef = D9C81C832C32058700A08C50 /* car2.mp3 */; };
		D9C81C872C32058700A08C50 /* car1.mp3 in Resources */ = {isa = PBXBuildFile; fileRef = D9C81C842C32058700A08C50 /* car1.mp3 */; };
		D9C8540A2C31831A00848302 /* Coordinator.swift in Sources */ = {isa = PBXBuildFile; fileRef = D9C854092C31831A00848302 /* Coordinator.swift */; };
		D9CEADE82C2CB43A001B6C74 /* Cars.json in Resources */ = {isa = PBXBuildFile; fileRef = D90CF3B42BDE7A9F007CBDB1 /* Cars.json */; };
		D9D525072C233EBE008DCDA4 /* UIColor.swift in Sources */ = {isa = PBXBuildFile; fileRef = D9D525062C233EBE008DCDA4 /* UIColor.swift */; };
		D9D525162C2348D4008DCDA4 /* cayman.scn in Resources */ = {isa = PBXBuildFile; fileRef = D9D5250F2C2348D4008DCDA4 /* cayman.scn */; };
		D9D5251A2C2349C6008DCDA4 /* 918.scn in Resources */ = {isa = PBXBuildFile; fileRef = D9D525192C2349C6008DCDA4 /* 918.scn */; };
		D9D5251C2C2349DE008DCDA4 /* 930Turbo.scn in Resources */ = {isa = PBXBuildFile; fileRef = D9D5251B2C2349DE008DCDA4 /* 930Turbo.scn */; };
		D9D5251E2C234A05008DCDA4 /* GT3RS.scn in Resources */ = {isa = PBXBuildFile; fileRef = D9D5251D2C234A05008DCDA4 /* GT3RS.scn */; };
		D9D525202C234A0E008DCDA4 /* RWB993.scn in Resources */ = {isa = PBXBuildFile; fileRef = D9D5251F2C234A0E008DCDA4 /* RWB993.scn */; };
		D9D5252A2C235472008DCDA4 /* 4SCarrera.scn in Resources */ = {isa = PBXBuildFile; fileRef = D9D525272C234F9E008DCDA4 /* 4SCarrera.scn */; };
/* End PBXBuildFile section */

/* Begin PBXContainerItemProxy section */
		D98F8D4B2C875A0200E957CA /* PBXContainerItemProxy */ = {
			isa = PBXContainerItemProxy;
			containerPortal = D93FD2462BA5E4AC0018F361 /* Project object */;
			proxyType = 1;
			remoteGlobalIDString = D93FD24D2BA5E4AC0018F361;
			remoteInfo = Porsche;
		};
		D98F8D5A2C87F2B800E957CA /* PBXContainerItemProxy */ = {
			isa = PBXContainerItemProxy;
			containerPortal = D93FD2462BA5E4AC0018F361 /* Project object */;
			proxyType = 1;
			remoteGlobalIDString = D93FD24D2BA5E4AC0018F361;
			remoteInfo = Porsche;
		};
/* End PBXContainerItemProxy section */

/* Begin PBXFileReference section */
		D904C2D42BC0C52E007789F4 /* CarInfo.swift */ = {isa = PBXFileReference; lastKnownFileType = sourcecode.swift; path = CarInfo.swift; sourceTree = "<group>"; };
		D904C2D62BC0CD1A007789F4 /* WltpSection.swift */ = {isa = PBXFileReference; lastKnownFileType = sourcecode.swift; path = WltpSection.swift; sourceTree = "<group>"; };
		D90CF3962BDD37FB007CBDB1 /* TorqueSection.swift */ = {isa = PBXFileReference; lastKnownFileType = sourcecode.swift; path = TorqueSection.swift; sourceTree = "<group>"; };
		D90CF3982BDD4F91007CBDB1 /* CarsSection.swift */ = {isa = PBXFileReference; lastKnownFileType = sourcecode.swift; path = CarsSection.swift; sourceTree = "<group>"; };
		D90CF3B22BDE7962007CBDB1 /* Car.swift */ = {isa = PBXFileReference; lastKnownFileType = sourcecode.swift; path = Car.swift; sourceTree = "<group>"; };
		D90CF3B42BDE7A9F007CBDB1 /* Cars.json */ = {isa = PBXFileReference; lastKnownFileType = text.json; path = Cars.json; sourceTree = "<group>"; };
		D90CF3B62BDE7DC0007CBDB1 /* CarViewModel.swift */ = {isa = PBXFileReference; lastKnownFileType = sourcecode.swift; path = CarViewModel.swift; sourceTree = "<group>"; };
		D93FD24E2BA5E4AC0018F361 /* Porsche.app */ = {isa = PBXFileReference; explicitFileType = wrapper.application; includeInIndex = 0; path = Porsche.app; sourceTree = BUILT_PRODUCTS_DIR; };
		D93FD2512BA5E4AC0018F361 /* PorscheApp.swift */ = {isa = PBXFileReference; lastKnownFileType = sourcecode.swift; path = PorscheApp.swift; sourceTree = "<group>"; };
		D93FD2532BA5E4AC0018F361 /* MainView.swift */ = {isa = PBXFileReference; lastKnownFileType = sourcecode.swift; path = MainView.swift; sourceTree = "<group>"; };
		D93FD2552BA5E4AF0018F361 /* Assets.xcassets */ = {isa = PBXFileReference; lastKnownFileType = folder.assetcatalog; path = Assets.xcassets; sourceTree = "<group>"; };
		D93FD2572BA5E4AF0018F361 /* Porsche.entitlements */ = {isa = PBXFileReference; lastKnownFileType = text.plist.entitlements; path = Porsche.entitlements; sourceTree = "<group>"; };
		D93FD2592BA5E4AF0018F361 /* Preview Assets.xcassets */ = {isa = PBXFileReference; lastKnownFileType = folder.assetcatalog; path = "Preview Assets.xcassets"; sourceTree = "<group>"; };
		D93FD26B2BA5E6580018F361 /* FontManager.swift */ = {isa = PBXFileReference; lastKnownFileType = sourcecode.swift; path = FontManager.swift; sourceTree = "<group>"; };
		D93FD2732BA5E7D10018F361 /* Info.plist */ = {isa = PBXFileReference; lastKnownFileType = text.plist.xml; path = Info.plist; sourceTree = "<group>"; };
		D93FD2842BA602DF0018F361 /* SceneKitView.swift */ = {isa = PBXFileReference; lastKnownFileType = sourcecode.swift; path = SceneKitView.swift; sourceTree = "<group>"; };
		D93FD2C32BA681310018F361 /* 911porschav3title.ttf */ = {isa = PBXFileReference; lastKnownFileType = file; path = 911porschav3title.ttf; sourceTree = "<group>"; };
		D98F8D472C875A0200E957CA /* PorscheTests.xctest */ = {isa = PBXFileReference; explicitFileType = wrapper.cfbundle; includeInIndex = 0; path = PorscheTests.xctest; sourceTree = BUILT_PRODUCTS_DIR; };
		D98F8D492C875A0200E957CA /* PorscheTests.swift */ = {isa = PBXFileReference; lastKnownFileType = sourcecode.swift; path = PorscheTests.swift; sourceTree = "<group>"; };
		D98F8D542C87F2B800E957CA /* PorscheUITests.xctest */ = {isa = PBXFileReference; explicitFileType = wrapper.cfbundle; includeInIndex = 0; path = PorscheUITests.xctest; sourceTree = BUILT_PRODUCTS_DIR; };
		D98F8D562C87F2B800E957CA /* PorscheUITests.swift */ = {isa = PBXFileReference; lastKnownFileType = sourcecode.swift; path = PorscheUITests.swift; sourceTree = "<group>"; };
		D98F8D582C87F2B800E957CA /* PorscheUITestsLaunchTests.swift */ = {isa = PBXFileReference; lastKnownFileType = sourcecode.swift; path = PorscheUITestsLaunchTests.swift; sourceTree = "<group>"; };
		D9A1B30A2BDFDFC8004898F3 /* Poppins-Bold.ttf */ = {isa = PBXFileReference; lastKnownFileType = file; name = "Poppins-Bold.ttf"; path = "../Poppins-Bold.ttf"; sourceTree = "<group>"; };
		D9A1B30B2BDFDFC8004898F3 /* Poppins-Medium.ttf */ = {isa = PBXFileReference; lastKnownFileType = file; name = "Poppins-Medium.ttf"; path = "../Poppins-Medium.ttf"; sourceTree = "<group>"; };
		D9BBA7622BE833E80084E022 /* Torque.swift */ = {isa = PBXFileReference; lastKnownFileType = sourcecode.swift; path = Torque.swift; sourceTree = "<group>"; };
		D9BBA7812BE85B5A0084E022 /* CarItemView.swift */ = {isa = PBXFileReference; lastKnownFileType = sourcecode.swift; path = CarItemView.swift; sourceTree = "<group>"; };
		D9C0A9CC2C86234F0097192F /* WltpInfoRow.swift */ = {isa = PBXFileReference; lastKnownFileType = sourcecode.swift; path = WltpInfoRow.swift; sourceTree = "<group>"; };
		D9C0A9CE2C867D730097192F /* CarInfoItem.swift */ = {isa = PBXFileReference; lastKnownFileType = sourcecode.swift; path = CarInfoItem.swift; sourceTree = "<group>"; };
		D9C81C822C32058700A08C50 /* car3.mp3 */ = {isa = PBXFileReference; lastKnownFileType = audio.mp3; path = car3.mp3; sourceTree = "<group>"; };
		D9C81C832C32058700A08C50 /* car2.mp3 */ = {isa = PBXFileReference; lastKnownFileType = audio.mp3; path = car2.mp3; sourceTree = "<group>"; };
		D9C81C842C32058700A08C50 /* car1.mp3 */ = {isa = PBXFileReference; lastKnownFileType = audio.mp3; path = car1.mp3; sourceTree = "<group>"; };
		D9C854092C31831A00848302 /* Coordinator.swift */ = {isa = PBXFileReference; lastKnownFileType = sourcecode.swift; path = Coordinator.swift; sourceTree = "<group>"; };
		D9D525062C233EBE008DCDA4 /* UIColor.swift */ = {isa = PBXFileReference; lastKnownFileType = sourcecode.swift; path = UIColor.swift; sourceTree = "<group>"; };
		D9D5250F2C2348D4008DCDA4 /* cayman.scn */ = {isa = PBXFileReference; lastKnownFileType = file.bplist; name = cayman.scn; path = ../cayman.scn; sourceTree = "<group>"; };
		D9D525192C2349C6008DCDA4 /* 918.scn */ = {isa = PBXFileReference; lastKnownFileType = file.bplist; name = 918.scn; path = ../918.scn; sourceTree = "<group>"; };
		D9D5251B2C2349DE008DCDA4 /* 930Turbo.scn */ = {isa = PBXFileReference; lastKnownFileType = file.bplist; name = 930Turbo.scn; path = ../930Turbo.scn; sourceTree = "<group>"; };
		D9D5251D2C234A05008DCDA4 /* GT3RS.scn */ = {isa = PBXFileReference; lastKnownFileType = file.bplist; name = GT3RS.scn; path = ../GT3RS.scn; sourceTree = "<group>"; };
		D9D5251F2C234A0E008DCDA4 /* RWB993.scn */ = {isa = PBXFileReference; lastKnownFileType = file.bplist; name = RWB993.scn; path = ../RWB993.scn; sourceTree = "<group>"; };
		D9D525272C234F9E008DCDA4 /* 4SCarrera.scn */ = {isa = PBXFileReference; lastKnownFileType = file.bplist; path = 4SCarrera.scn; sourceTree = "<group>"; };
/* End PBXFileReference section */

/* Begin PBXFrameworksBuildPhase section */
		D93FD24B2BA5E4AC0018F361 /* Frameworks */ = {
			isa = PBXFrameworksBuildPhase;
			buildActionMask = 2147483647;
			files = (
			);
			runOnlyForDeploymentPostprocessing = 0;
		};
		D98F8D442C875A0200E957CA /* Frameworks */ = {
			isa = PBXFrameworksBuildPhase;
			buildActionMask = 2147483647;
			files = (
			);
			runOnlyForDeploymentPostprocessing = 0;
		};
		D98F8D512C87F2B800E957CA /* Frameworks */ = {
			isa = PBXFrameworksBuildPhase;
			buildActionMask = 2147483647;
			files = (
			);
			runOnlyForDeploymentPostprocessing = 0;
		};
/* End PBXFrameworksBuildPhase section */

/* Begin PBXGroup section */
		D93FD2452BA5E4AC0018F361 = {
			isa = PBXGroup;
			children = (
				D93FD2502BA5E4AC0018F361 /* Porsche */,
				D98F8D482C875A0200E957CA /* PorscheTests */,
				D98F8D552C87F2B800E957CA /* PorscheUITests */,
				D93FD24F2BA5E4AC0018F361 /* Products */,
			);
			sourceTree = "<group>";
		};
		D93FD24F2BA5E4AC0018F361 /* Products */ = {
			isa = PBXGroup;
			children = (
				D93FD24E2BA5E4AC0018F361 /* Porsche.app */,
				D98F8D472C875A0200E957CA /* PorscheTests.xctest */,
				D98F8D542C87F2B800E957CA /* PorscheUITests.xctest */,
			);
			name = Products;
			sourceTree = "<group>";
		};
		D93FD2502BA5E4AC0018F361 /* Porsche */ = {
			isa = PBXGroup;
			children = (
				D93FD2602BA5E5600018F361 /* App */,
			);
			path = Porsche;
			sourceTree = "<group>";
		};
		D93FD2582BA5E4AF0018F361 /* Preview Content */ = {
			isa = PBXGroup;
			children = (
				D93FD2592BA5E4AF0018F361 /* Preview Assets.xcassets */,
			);
			path = "Preview Content";
			sourceTree = "<group>";
		};
		D93FD2602BA5E5600018F361 /* App */ = {
			isa = PBXGroup;
			children = (
				D93FD2632BA5E5B00018F361 /* Core */,
				D93FD2612BA5E5850018F361 /* Resources */,
			);
			path = App;
			sourceTree = "<group>";
		};
		D93FD2612BA5E5850018F361 /* Resources */ = {
			isa = PBXGroup;
			children = (
				D9C81C812C31F15000A08C50 /* SoundEffects */,
				D9BBA7642BE83F4B0084E022 /* CarsModels */,
				D93FD2732BA5E7D10018F361 /* Info.plist */,
				D93FD2622BA5E59D0018F361 /* Fonts */,
				D93FD2552BA5E4AF0018F361 /* Assets.xcassets */,
				D93FD2572BA5E4AF0018F361 /* Porsche.entitlements */,
				D93FD2582BA5E4AF0018F361 /* Preview Content */,
			);
			path = Resources;
			sourceTree = "<group>";
		};
		D93FD2622BA5E59D0018F361 /* Fonts */ = {
			isa = PBXGroup;
			children = (
				D9A1B30A2BDFDFC8004898F3 /* Poppins-Bold.ttf */,
				D9A1B30B2BDFDFC8004898F3 /* Poppins-Medium.ttf */,
				D93FD2C32BA681310018F361 /* 911porschav3title.ttf */,
			);
			path = Fonts;
			sourceTree = "<group>";
		};
		D93FD2632BA5E5B00018F361 /* Core */ = {
			isa = PBXGroup;
			children = (
				D93FD2642BA5E5DB0018F361 /* Common */,
				D93FD2662BA5E5F30018F361 /* Features */,
			);
			path = Core;
			sourceTree = "<group>";
		};
		D93FD2642BA5E5DB0018F361 /* Common */ = {
			isa = PBXGroup;
			children = (
				D93FD26A2BA5E6460018F361 /* Utils */,
				D93FD2692BA5E6250018F361 /* Extensions */,
				D93FD2652BA5E5E30018F361 /* Controllers */,
			);
			path = Common;
			sourceTree = "<group>";
		};
		D93FD2652BA5E5E30018F361 /* Controllers */ = {
			isa = PBXGroup;
			children = (
				D93FD2512BA5E4AC0018F361 /* PorscheApp.swift */,
				D9C854092C31831A00848302 /* Coordinator.swift */,
			);
			path = Controllers;
			sourceTree = "<group>";
		};
		D93FD2662BA5E5F30018F361 /* Features */ = {
			isa = PBXGroup;
			children = (
				D93FD2672BA5E6020018F361 /* Main */,
			);
			path = Features;
			sourceTree = "<group>";
		};
		D93FD2672BA5E6020018F361 /* Main */ = {
			isa = PBXGroup;
			children = (
				D93FD2752BA5E9970018F361 /* Models */,
				D93FD2742BA5E9870018F361 /* ViewModels */,
				D93FD2682BA5E6180018F361 /* Views */,
			);
			path = Main;
			sourceTree = "<group>";
		};
		D93FD2682BA5E6180018F361 /* Views */ = {
			isa = PBXGroup;
			children = (
				D9C0A9D02C8686220097192F /* Sections */,
				D93FD2762BA5E9AC0018F361 /* Components */,
				D93FD2532BA5E4AC0018F361 /* MainView.swift */,
			);
			path = Views;
			sourceTree = "<group>";
		};
		D93FD2692BA5E6250018F361 /* Extensions */ = {
			isa = PBXGroup;
			children = (
				D9D525062C233EBE008DCDA4 /* UIColor.swift */,
			);
			path = Extensions;
			sourceTree = "<group>";
		};
		D93FD26A2BA5E6460018F361 /* Utils */ = {
			isa = PBXGroup;
			children = (
				D90CF3B42BDE7A9F007CBDB1 /* Cars.json */,
				D93FD26B2BA5E6580018F361 /* FontManager.swift */,
			);
			path = Utils;
			sourceTree = "<group>";
		};
		D93FD2742BA5E9870018F361 /* ViewModels */ = {
			isa = PBXGroup;
			children = (
				D90CF3B62BDE7DC0007CBDB1 /* CarViewModel.swift */,
			);
			path = ViewModels;
			sourceTree = "<group>";
		};
		D93FD2752BA5E9970018F361 /* Models */ = {
			isa = PBXGroup;
			children = (
				D90CF3B22BDE7962007CBDB1 /* Car.swift */,
				D9BBA7622BE833E80084E022 /* Torque.swift */,
			);
			path = Models;
			sourceTree = "<group>";
		};
		D93FD2762BA5E9AC0018F361 /* Components */ = {
			isa = PBXGroup;
			children = (
				D9BBA7812BE85B5A0084E022 /* CarItemView.swift */,
				D9C0A9CC2C86234F0097192F /* WltpInfoRow.swift */,
				D9C0A9CE2C867D730097192F /* CarInfoItem.swift */,
			);
			path = Components;
			sourceTree = "<group>";
		};
		D98F8D482C875A0200E957CA /* PorscheTests */ = {
			isa = PBXGroup;
			children = (
				D98F8D492C875A0200E957CA /* PorscheTests.swift */,
			);
			path = PorscheTests;
			sourceTree = "<group>";
		};
		D98F8D552C87F2B800E957CA /* PorscheUITests */ = {
			isa = PBXGroup;
			children = (
				D98F8D562C87F2B800E957CA /* PorscheUITests.swift */,
				D98F8D582C87F2B800E957CA /* PorscheUITestsLaunchTests.swift */,
			);
			path = PorscheUITests;
			sourceTree = "<group>";
		};
		D9BBA7642BE83F4B0084E022 /* CarsModels */ = {
			isa = PBXGroup;
			children = (
				D9D525272C234F9E008DCDA4 /* 4SCarrera.scn */,
				D9D525192C2349C6008DCDA4 /* 918.scn */,
				D9D5251B2C2349DE008DCDA4 /* 930Turbo.scn */,
				D9D5250F2C2348D4008DCDA4 /* cayman.scn */,
				D9D5251D2C234A05008DCDA4 /* GT3RS.scn */,
				D9D5251F2C234A0E008DCDA4 /* RWB993.scn */,
			);
			path = CarsModels;
			sourceTree = "<group>";
		};
		D9C0A9D02C8686220097192F /* Sections */ = {
			isa = PBXGroup;
			children = (
				D93FD2842BA602DF0018F361 /* SceneKitView.swift */,
				D904C2D42BC0C52E007789F4 /* CarInfo.swift */,
				D904C2D62BC0CD1A007789F4 /* WltpSection.swift */,
				D90CF3962BDD37FB007CBDB1 /* TorqueSection.swift */,
				D90CF3982BDD4F91007CBDB1 /* CarsSection.swift */,
			);
			path = Sections;
			sourceTree = "<group>";
		};
		D9C81C812C31F15000A08C50 /* SoundEffects */ = {
			isa = PBXGroup;
			children = (
				D9C81C842C32058700A08C50 /* car1.mp3 */,
				D9C81C832C32058700A08C50 /* car2.mp3 */,
				D9C81C822C32058700A08C50 /* car3.mp3 */,
			);
			path = SoundEffects;
			sourceTree = "<group>";
		};
/* End PBXGroup section */

/* Begin PBXNativeTarget section */
		D93FD24D2BA5E4AC0018F361 /* Porsche */ = {
			isa = PBXNativeTarget;
			buildConfigurationList = D93FD25D2BA5E4AF0018F361 /* Build configuration list for PBXNativeTarget "Porsche" */;
			buildPhases = (
				D93FD24A2BA5E4AC0018F361 /* Sources */,
				D93FD24B2BA5E4AC0018F361 /* Frameworks */,
				D93FD24C2BA5E4AC0018F361 /* Resources */,
				D9C81C882C3218BC00A08C50 /* ShellScript */,
			);
			buildRules = (
			);
			dependencies = (
			);
			name = Porsche;
			packageProductDependencies = (
			);
			productName = Porsche;
			productReference = D93FD24E2BA5E4AC0018F361 /* Porsche.app */;
			productType = "com.apple.product-type.application";
		};
		D98F8D462C875A0200E957CA /* PorscheTests */ = {
			isa = PBXNativeTarget;
			buildConfigurationList = D98F8D4F2C875A0200E957CA /* Build configuration list for PBXNativeTarget "PorscheTests" */;
			buildPhases = (
				D98F8D432C875A0200E957CA /* Sources */,
				D98F8D442C875A0200E957CA /* Frameworks */,
				D98F8D452C875A0200E957CA /* Resources */,
			);
			buildRules = (
			);
			dependencies = (
				D98F8D4C2C875A0200E957CA /* PBXTargetDependency */,
			);
			name = PorscheTests;
			productName = PorscheTests;
			productReference = D98F8D472C875A0200E957CA /* PorscheTests.xctest */;
			productType = "com.apple.product-type.bundle.unit-test";
		};
		D98F8D532C87F2B800E957CA /* PorscheUITests */ = {
			isa = PBXNativeTarget;
			buildConfigurationList = D98F8D5C2C87F2B900E957CA /* Build configuration list for PBXNativeTarget "PorscheUITests" */;
			buildPhases = (
				D98F8D502C87F2B800E957CA /* Sources */,
				D98F8D512C87F2B800E957CA /* Frameworks */,
				D98F8D522C87F2B800E957CA /* Resources */,
			);
			buildRules = (
			);
			dependencies = (
				D98F8D5B2C87F2B800E957CA /* PBXTargetDependency */,
			);
			name = PorscheUITests;
			productName = PorscheUITests;
			productReference = D98F8D542C87F2B800E957CA /* PorscheUITests.xctest */;
			productType = "com.apple.product-type.bundle.ui-testing";
		};
/* End PBXNativeTarget section */

/* Begin PBXProject section */
		D93FD2462BA5E4AC0018F361 /* Project object */ = {
			isa = PBXProject;
			attributes = {
				BuildIndependentTargetsInParallel = 1;
				LastSwiftUpdateCheck = 1520;
				LastUpgradeCheck = 1520;
				TargetAttributes = {
					D93FD24D2BA5E4AC0018F361 = {
						CreatedOnToolsVersion = 15.2;
					};
					D98F8D462C875A0200E957CA = {
						CreatedOnToolsVersion = 15.2;
						TestTargetID = D93FD24D2BA5E4AC0018F361;
					};
					D98F8D532C87F2B800E957CA = {
						CreatedOnToolsVersion = 15.2;
						TestTargetID = D93FD24D2BA5E4AC0018F361;
					};
				};
			};
			buildConfigurationList = D93FD2492BA5E4AC0018F361 /* Build configuration list for PBXProject "Porsche" */;
			compatibilityVersion = "Xcode 14.0";
			developmentRegion = en;
			hasScannedForEncodings = 0;
			knownRegions = (
				en,
				Base,
			);
			mainGroup = D93FD2452BA5E4AC0018F361;
			packageReferences = (
			);
			productRefGroup = D93FD24F2BA5E4AC0018F361 /* Products */;
			projectDirPath = "";
			projectRoot = "";
			targets = (
				D93FD24D2BA5E4AC0018F361 /* Porsche */,
				D98F8D462C875A0200E957CA /* PorscheTests */,
				D98F8D532C87F2B800E957CA /* PorscheUITests */,
			);
		};
/* End PBXProject section */

/* Begin PBXResourcesBuildPhase section */
		D93FD24C2BA5E4AC0018F361 /* Resources */ = {
			isa = PBXResourcesBuildPhase;
			buildActionMask = 2147483647;
			files = (
				D9D5252A2C235472008DCDA4 /* 4SCarrera.scn in Resources */,
				D9D5251A2C2349C6008DCDA4 /* 918.scn in Resources */,
				D93FD25A2BA5E4AF0018F361 /* Preview Assets.xcassets in Resources */,
				D9A1B30C2BDFDFC8004898F3 /* Poppins-Bold.ttf in Resources */,
				D93FD2C42BA681320018F361 /* 911porschav3title.ttf in Resources */,
				D9D5251E2C234A05008DCDA4 /* GT3RS.scn in Resources */,
				D9CEADE82C2CB43A001B6C74 /* Cars.json in Resources */,
				D9D525162C2348D4008DCDA4 /* cayman.scn in Resources */,
				D93FD2562BA5E4AF0018F361 /* Assets.xcassets in Resources */,
				D9C81C852C32058700A08C50 /* car3.mp3 in Resources */,
				D9D525202C234A0E008DCDA4 /* RWB993.scn in Resources */,
				D9C81C872C32058700A08C50 /* car1.mp3 in Resources */,
				D9D5251C2C2349DE008DCDA4 /* 930Turbo.scn in Resources */,
				D9C81C862C32058700A08C50 /* car2.mp3 in Resources */,
				D9A1B30D2BDFDFC8004898F3 /* Poppins-Medium.ttf in Resources */,
			);
			runOnlyForDeploymentPostprocessing = 0;
		};
		D98F8D452C875A0200E957CA /* Resources */ = {
			isa = PBXResourcesBuildPhase;
			buildActionMask = 2147483647;
			files = (
			);
			runOnlyForDeploymentPostprocessing = 0;
		};
		D98F8D522C87F2B800E957CA /* Resources */ = {
			isa = PBXResourcesBuildPhase;
			buildActionMask = 2147483647;
			files = (
			);
			runOnlyForDeploymentPostprocessing = 0;
		};
/* End PBXResourcesBuildPhase section */

/* Begin PBXShellScriptBuildPhase section */
		D9C81C882C3218BC00A08C50 /* ShellScript */ = {
			isa = PBXShellScriptBuildPhase;
			buildActionMask = 2147483647;
			files = (
			);
			inputFileListPaths = (
			);
			inputPaths = (
			);
			outputFileListPaths = (
			);
			outputPaths = (
			);
			runOnlyForDeploymentPostprocessing = 0;
			shellPath = /bin/sh;
			shellScript = "if [[ \"$(uname -m)\" == arm64 ]]; then\n    export PATH=\"/opt/homebrew/bin:$PATH\"\nfi\n\nif which swiftlint > /dev/null; then\n  swiftlint\nelse\n  echo \"warning: SwiftLint not installed, download from https://github.com/realm/SwiftLint\"\nfi\n";
		};
/* End PBXShellScriptBuildPhase section */

/* Begin PBXSourcesBuildPhase section */
		D93FD24A2BA5E4AC0018F361 /* Sources */ = {
			isa = PBXSourcesBuildPhase;
			buildActionMask = 2147483647;
			files = (
				D9D525072C233EBE008DCDA4 /* UIColor.swift in Sources */,
				D93FD2542BA5E4AC0018F361 /* MainView.swift in Sources */,
				D9C0A9CD2C86234F0097192F /* WltpInfoRow.swift in Sources */,
				D904C2D52BC0C52F007789F4 /* CarInfo.swift in Sources */,
				D90CF3992BDD4F91007CBDB1 /* CarsSection.swift in Sources */,
				D904C2D72BC0CD1A007789F4 /* WltpSection.swift in Sources */,
				D9BBA7822BE85B5A0084E022 /* CarItemView.swift in Sources */,
				D9C8540A2C31831A00848302 /* Coordinator.swift in Sources */,
				D93FD26C2BA5E6580018F361 /* FontManager.swift in Sources */,
				D90CF3B72BDE7DC0007CBDB1 /* CarViewModel.swift in Sources */,
				D9BBA7632BE833E80084E022 /* Torque.swift in Sources */,
				D90CF3B32BDE7962007CBDB1 /* Car.swift in Sources */,
				D90CF3972BDD37FB007CBDB1 /* TorqueSection.swift in Sources */,
				D9C0A9CF2C867D730097192F /* CarInfoItem.swift in Sources */,
				D93FD2522BA5E4AC0018F361 /* PorscheApp.swift in Sources */,
				D93FD2852BA602DF0018F361 /* SceneKitView.swift in Sources */,
			);
			runOnlyForDeploymentPostprocessing = 0;
		};
		D98F8D432C875A0200E957CA /* Sources */ = {
			isa = PBXSourcesBuildPhase;
			buildActionMask = 2147483647;
			files = (
				D98F8D4A2C875A0200E957CA /* PorscheTests.swift in Sources */,
			);
			runOnlyForDeploymentPostprocessing = 0;
		};
		D98F8D502C87F2B800E957CA /* Sources */ = {
			isa = PBXSourcesBuildPhase;
			buildActionMask = 2147483647;
			files = (
				D98F8D572C87F2B800E957CA /* PorscheUITests.swift in Sources */,
				D98F8D592C87F2B800E957CA /* PorscheUITestsLaunchTests.swift in Sources */,
			);
			runOnlyForDeploymentPostprocessing = 0;
		};
/* End PBXSourcesBuildPhase section */

/* Begin PBXTargetDependency section */
		D98F8D4C2C875A0200E957CA /* PBXTargetDependency */ = {
			isa = PBXTargetDependency;
			target = D93FD24D2BA5E4AC0018F361 /* Porsche */;
			targetProxy = D98F8D4B2C875A0200E957CA /* PBXContainerItemProxy */;
		};
		D98F8D5B2C87F2B800E957CA /* PBXTargetDependency */ = {
			isa = PBXTargetDependency;
			target = D93FD24D2BA5E4AC0018F361 /* Porsche */;
			targetProxy = D98F8D5A2C87F2B800E957CA /* PBXContainerItemProxy */;
		};
/* End PBXTargetDependency section */

/* Begin XCBuildConfiguration section */
		D93FD25B2BA5E4AF0018F361 /* Debug */ = {
			isa = XCBuildConfiguration;
			buildSettings = {
				ALWAYS_SEARCH_USER_PATHS = NO;
				ASSETCATALOG_COMPILER_GENERATE_SWIFT_ASSET_SYMBOL_EXTENSIONS = YES;
				CLANG_ANALYZER_NONNULL = YES;
				CLANG_ANALYZER_NUMBER_OBJECT_CONVERSION = YES_AGGRESSIVE;
				CLANG_CXX_LANGUAGE_STANDARD = "gnu++20";
				CLANG_ENABLE_MODULES = YES;
				CLANG_ENABLE_OBJC_ARC = YES;
				CLANG_ENABLE_OBJC_WEAK = YES;
				CLANG_WARN_BLOCK_CAPTURE_AUTORELEASING = YES;
				CLANG_WARN_BOOL_CONVERSION = YES;
				CLANG_WARN_COMMA = YES;
				CLANG_WARN_CONSTANT_CONVERSION = YES;
				CLANG_WARN_DEPRECATED_OBJC_IMPLEMENTATIONS = YES;
				CLANG_WARN_DIRECT_OBJC_ISA_USAGE = YES_ERROR;
				CLANG_WARN_DOCUMENTATION_COMMENTS = YES;
				CLANG_WARN_EMPTY_BODY = YES;
				CLANG_WARN_ENUM_CONVERSION = YES;
				CLANG_WARN_INFINITE_RECURSION = YES;
				CLANG_WARN_INT_CONVERSION = YES;
				CLANG_WARN_NON_LITERAL_NULL_CONVERSION = YES;
				CLANG_WARN_OBJC_IMPLICIT_RETAIN_SELF = YES;
				CLANG_WARN_OBJC_LITERAL_CONVERSION = YES;
				CLANG_WARN_OBJC_ROOT_CLASS = YES_ERROR;
				CLANG_WARN_QUOTED_INCLUDE_IN_FRAMEWORK_HEADER = YES;
				CLANG_WARN_RANGE_LOOP_ANALYSIS = YES;
				CLANG_WARN_STRICT_PROTOTYPES = YES;
				CLANG_WARN_SUSPICIOUS_MOVE = YES;
				CLANG_WARN_UNGUARDED_AVAILABILITY = YES_AGGRESSIVE;
				CLANG_WARN_UNREACHABLE_CODE = YES;
				CLANG_WARN__DUPLICATE_METHOD_MATCH = YES;
				COPY_PHASE_STRIP = NO;
				DEBUG_INFORMATION_FORMAT = dwarf;
				ENABLE_STRICT_OBJC_MSGSEND = YES;
				ENABLE_TESTABILITY = YES;
				ENABLE_USER_SCRIPT_SANDBOXING = NO;
				GCC_C_LANGUAGE_STANDARD = gnu17;
				GCC_DYNAMIC_NO_PIC = NO;
				GCC_NO_COMMON_BLOCKS = YES;
				GCC_OPTIMIZATION_LEVEL = 0;
				GCC_PREPROCESSOR_DEFINITIONS = (
					"DEBUG=1",
					"$(inherited)",
				);
				GCC_WARN_64_TO_32_BIT_CONVERSION = YES;
				GCC_WARN_ABOUT_RETURN_TYPE = YES_ERROR;
				GCC_WARN_UNDECLARED_SELECTOR = YES;
				GCC_WARN_UNINITIALIZED_AUTOS = YES_AGGRESSIVE;
				GCC_WARN_UNUSED_FUNCTION = YES;
				GCC_WARN_UNUSED_VARIABLE = YES;
				IPHONEOS_DEPLOYMENT_TARGET = 16.6;
				LOCALIZATION_PREFERS_STRING_CATALOGS = YES;
				MTL_ENABLE_DEBUG_INFO = INCLUDE_SOURCE;
				MTL_FAST_MATH = YES;
				ONLY_ACTIVE_ARCH = YES;
				SWIFT_ACTIVE_COMPILATION_CONDITIONS = "DEBUG $(inherited)";
				SWIFT_OPTIMIZATION_LEVEL = "-Onone";
			};
			name = Debug;
		};
		D93FD25C2BA5E4AF0018F361 /* Release */ = {
			isa = XCBuildConfiguration;
			buildSettings = {
				ALWAYS_SEARCH_USER_PATHS = NO;
				ASSETCATALOG_COMPILER_GENERATE_SWIFT_ASSET_SYMBOL_EXTENSIONS = YES;
				CLANG_ANALYZER_NONNULL = YES;
				CLANG_ANALYZER_NUMBER_OBJECT_CONVERSION = YES_AGGRESSIVE;
				CLANG_CXX_LANGUAGE_STANDARD = "gnu++20";
				CLANG_ENABLE_MODULES = YES;
				CLANG_ENABLE_OBJC_ARC = YES;
				CLANG_ENABLE_OBJC_WEAK = YES;
				CLANG_WARN_BLOCK_CAPTURE_AUTORELEASING = YES;
				CLANG_WARN_BOOL_CONVERSION = YES;
				CLANG_WARN_COMMA = YES;
				CLANG_WARN_CONSTANT_CONVERSION = YES;
				CLANG_WARN_DEPRECATED_OBJC_IMPLEMENTATIONS = YES;
				CLANG_WARN_DIRECT_OBJC_ISA_USAGE = YES_ERROR;
				CLANG_WARN_DOCUMENTATION_COMMENTS = YES;
				CLANG_WARN_EMPTY_BODY = YES;
				CLANG_WARN_ENUM_CONVERSION = YES;
				CLANG_WARN_INFINITE_RECURSION = YES;
				CLANG_WARN_INT_CONVERSION = YES;
				CLANG_WARN_NON_LITERAL_NULL_CONVERSION = YES;
				CLANG_WARN_OBJC_IMPLICIT_RETAIN_SELF = YES;
				CLANG_WARN_OBJC_LITERAL_CONVERSION = YES;
				CLANG_WARN_OBJC_ROOT_CLASS = YES_ERROR;
				CLANG_WARN_QUOTED_INCLUDE_IN_FRAMEWORK_HEADER = YES;
				CLANG_WARN_RANGE_LOOP_ANALYSIS = YES;
				CLANG_WARN_STRICT_PROTOTYPES = YES;
				CLANG_WARN_SUSPICIOUS_MOVE = YES;
				CLANG_WARN_UNGUARDED_AVAILABILITY = YES_AGGRESSIVE;
				CLANG_WARN_UNREACHABLE_CODE = YES;
				CLANG_WARN__DUPLICATE_METHOD_MATCH = YES;
				COPY_PHASE_STRIP = NO;
				DEBUG_INFORMATION_FORMAT = "dwarf-with-dsym";
				ENABLE_NS_ASSERTIONS = NO;
				ENABLE_STRICT_OBJC_MSGSEND = YES;
				ENABLE_USER_SCRIPT_SANDBOXING = NO;
				GCC_C_LANGUAGE_STANDARD = gnu17;
				GCC_NO_COMMON_BLOCKS = YES;
				GCC_WARN_64_TO_32_BIT_CONVERSION = YES;
				GCC_WARN_ABOUT_RETURN_TYPE = YES_ERROR;
				GCC_WARN_UNDECLARED_SELECTOR = YES;
				GCC_WARN_UNINITIALIZED_AUTOS = YES_AGGRESSIVE;
				GCC_WARN_UNUSED_FUNCTION = YES;
				GCC_WARN_UNUSED_VARIABLE = YES;
				IPHONEOS_DEPLOYMENT_TARGET = 16.6;
				LOCALIZATION_PREFERS_STRING_CATALOGS = YES;
				MTL_ENABLE_DEBUG_INFO = NO;
				MTL_FAST_MATH = YES;
				SWIFT_COMPILATION_MODE = wholemodule;
			};
			name = Release;
		};
		D93FD25E2BA5E4AF0018F361 /* Debug */ = {
			isa = XCBuildConfiguration;
			buildSettings = {
				ASSETCATALOG_COMPILER_APPICON_NAME = AppIcon;
				ASSETCATALOG_COMPILER_GLOBAL_ACCENT_COLOR_NAME = AccentColor;
				CODE_SIGN_ENTITLEMENTS = Porsche/App/Resources/Porsche.entitlements;
				CODE_SIGN_STYLE = Automatic;
				CURRENT_PROJECT_VERSION = 1;
				DEVELOPMENT_ASSET_PATHS = "\"Porsche/App/Resources/Preview Content\"";
				DEVELOPMENT_TEAM = AV6QJ2F83C;
				ENABLE_HARDENED_RUNTIME = YES;
				ENABLE_PREVIEWS = YES;
				GENERATE_INFOPLIST_FILE = YES;
				INFOPLIST_FILE = Porsche/App/Resources/Info.plist;
				"INFOPLIST_KEY_UIApplicationSceneManifest_Generation[sdk=iphoneos*]" = YES;
				"INFOPLIST_KEY_UIApplicationSceneManifest_Generation[sdk=iphonesimulator*]" = YES;
				"INFOPLIST_KEY_UIApplicationSupportsIndirectInputEvents[sdk=iphoneos*]" = YES;
				"INFOPLIST_KEY_UIApplicationSupportsIndirectInputEvents[sdk=iphonesimulator*]" = YES;
				"INFOPLIST_KEY_UILaunchScreen_Generation[sdk=iphoneos*]" = YES;
				"INFOPLIST_KEY_UILaunchScreen_Generation[sdk=iphonesimulator*]" = YES;
				"INFOPLIST_KEY_UIStatusBarStyle[sdk=iphoneos*]" = UIStatusBarStyleDefault;
				"INFOPLIST_KEY_UIStatusBarStyle[sdk=iphonesimulator*]" = UIStatusBarStyleDefault;
				INFOPLIST_KEY_UISupportedInterfaceOrientations_iPad = "UIInterfaceOrientationPortrait UIInterfaceOrientationPortraitUpsideDown UIInterfaceOrientationLandscapeLeft UIInterfaceOrientationLandscapeRight";
				INFOPLIST_KEY_UISupportedInterfaceOrientations_iPhone = "UIInterfaceOrientationPortrait UIInterfaceOrientationLandscapeLeft UIInterfaceOrientationLandscapeRight";
				IPHONEOS_DEPLOYMENT_TARGET = 17.0;
				LD_RUNPATH_SEARCH_PATHS = "@executable_path/Frameworks";
				"LD_RUNPATH_SEARCH_PATHS[sdk=macosx*]" = "@executable_path/../Frameworks";
				MACOSX_DEPLOYMENT_TARGET = 14.2;
				MARKETING_VERSION = 1.0;
				PRODUCT_BUNDLE_IDENTIFIER = med.Porsche;
				PRODUCT_NAME = "$(TARGET_NAME)";
				SDKROOT = auto;
				SUPPORTED_PLATFORMS = "iphoneos iphonesimulator macosx";
				SWIFT_EMIT_LOC_STRINGS = YES;
				SWIFT_VERSION = 5.0;
				TARGETED_DEVICE_FAMILY = "1,2";
			};
			name = Debug;
		};
		D93FD25F2BA5E4AF0018F361 /* Release */ = {
			isa = XCBuildConfiguration;
			buildSettings = {
				ASSETCATALOG_COMPILER_APPICON_NAME = AppIcon;
				ASSETCATALOG_COMPILER_GLOBAL_ACCENT_COLOR_NAME = AccentColor;
				CODE_SIGN_ENTITLEMENTS = Porsche/App/Resources/Porsche.entitlements;
				CODE_SIGN_STYLE = Automatic;
				CURRENT_PROJECT_VERSION = 1;
				DEVELOPMENT_ASSET_PATHS = "\"Porsche/App/Resources/Preview Content\"";
				DEVELOPMENT_TEAM = AV6QJ2F83C;
				ENABLE_HARDENED_RUNTIME = YES;
				ENABLE_PREVIEWS = YES;
				GENERATE_INFOPLIST_FILE = YES;
				INFOPLIST_FILE = Porsche/App/Resources/Info.plist;
				"INFOPLIST_KEY_UIApplicationSceneManifest_Generation[sdk=iphoneos*]" = YES;
				"INFOPLIST_KEY_UIApplicationSceneManifest_Generation[sdk=iphonesimulator*]" = YES;
				"INFOPLIST_KEY_UIApplicationSupportsIndirectInputEvents[sdk=iphoneos*]" = YES;
				"INFOPLIST_KEY_UIApplicationSupportsIndirectInputEvents[sdk=iphonesimulator*]" = YES;
				"INFOPLIST_KEY_UILaunchScreen_Generation[sdk=iphoneos*]" = YES;
				"INFOPLIST_KEY_UILaunchScreen_Generation[sdk=iphonesimulator*]" = YES;
				"INFOPLIST_KEY_UIStatusBarStyle[sdk=iphoneos*]" = UIStatusBarStyleDefault;
				"INFOPLIST_KEY_UIStatusBarStyle[sdk=iphonesimulator*]" = UIStatusBarStyleDefault;
				INFOPLIST_KEY_UISupportedInterfaceOrientations_iPad = "UIInterfaceOrientationPortrait UIInterfaceOrientationPortraitUpsideDown UIInterfaceOrientationLandscapeLeft UIInterfaceOrientationLandscapeRight";
				INFOPLIST_KEY_UISupportedInterfaceOrientations_iPhone = "UIInterfaceOrientationPortrait UIInterfaceOrientationLandscapeLeft UIInterfaceOrientationLandscapeRight";
				IPHONEOS_DEPLOYMENT_TARGET = 17.0;
				LD_RUNPATH_SEARCH_PATHS = "@executable_path/Frameworks";
				"LD_RUNPATH_SEARCH_PATHS[sdk=macosx*]" = "@executable_path/../Frameworks";
				MACOSX_DEPLOYMENT_TARGET = 14.2;
				MARKETING_VERSION = 1.0;
				PRODUCT_BUNDLE_IDENTIFIER = med.Porsche;
				PRODUCT_NAME = "$(TARGET_NAME)";
				SDKROOT = auto;
				SUPPORTED_PLATFORMS = "iphoneos iphonesimulator macosx";
				SWIFT_EMIT_LOC_STRINGS = YES;
				SWIFT_VERSION = 5.0;
				TARGETED_DEVICE_FAMILY = "1,2";
			};
			name = Release;
		};
		D98F8D4D2C875A0200E957CA /* Debug */ = {
			isa = XCBuildConfiguration;
			buildSettings = {
				BUNDLE_LOADER = "$(TEST_HOST)";
				CODE_SIGN_STYLE = Automatic;
				CURRENT_PROJECT_VERSION = 1;
				DEVELOPMENT_TEAM = AV6QJ2F83C;
				ENABLE_USER_SCRIPT_SANDBOXING = YES;
				GENERATE_INFOPLIST_FILE = YES;
				IPHONEOS_DEPLOYMENT_TARGET = 17.2;
				MARKETING_VERSION = 1.0;
				PRODUCT_BUNDLE_IDENTIFIER = med.PorscheTests;
				PRODUCT_NAME = "$(TARGET_NAME)";
				SDKROOT = iphoneos;
				SWIFT_EMIT_LOC_STRINGS = NO;
				SWIFT_VERSION = 5.0;
				TARGETED_DEVICE_FAMILY = "1,2";
				TEST_HOST = "$(BUILT_PRODUCTS_DIR)/Porsche.app/$(BUNDLE_EXECUTABLE_FOLDER_PATH)/Porsche";
			};
			name = Debug;
		};
		D98F8D4E2C875A0200E957CA /* Release */ = {
			isa = XCBuildConfiguration;
			buildSettings = {
				BUNDLE_LOADER = "$(TEST_HOST)";
				CODE_SIGN_STYLE = Automatic;
				CURRENT_PROJECT_VERSION = 1;
				DEVELOPMENT_TEAM = AV6QJ2F83C;
				ENABLE_USER_SCRIPT_SANDBOXING = YES;
				GENERATE_INFOPLIST_FILE = YES;
				IPHONEOS_DEPLOYMENT_TARGET = 17.2;
				MARKETING_VERSION = 1.0;
				PRODUCT_BUNDLE_IDENTIFIER = med.PorscheTests;
				PRODUCT_NAME = "$(TARGET_NAME)";
				SDKROOT = iphoneos;
				SWIFT_EMIT_LOC_STRINGS = NO;
				SWIFT_VERSION = 5.0;
				TARGETED_DEVICE_FAMILY = "1,2";
				TEST_HOST = "$(BUILT_PRODUCTS_DIR)/Porsche.app/$(BUNDLE_EXECUTABLE_FOLDER_PATH)/Porsche";
				VALIDATE_PRODUCT = YES;
			};
			name = Release;
		};
		D98F8D5D2C87F2B900E957CA /* Debug */ = {
			isa = XCBuildConfiguration;
			buildSettings = {
				CODE_SIGN_STYLE = Automatic;
				CURRENT_PROJECT_VERSION = 1;
				DEVELOPMENT_TEAM = AV6QJ2F83C;
				ENABLE_USER_SCRIPT_SANDBOXING = YES;
				GENERATE_INFOPLIST_FILE = YES;
				IPHONEOS_DEPLOYMENT_TARGET = 17.2;
				MARKETING_VERSION = 1.0;
				PRODUCT_BUNDLE_IDENTIFIER = med.PorscheUITests;
				PRODUCT_NAME = "$(TARGET_NAME)";
				SDKROOT = iphoneos;
				SWIFT_EMIT_LOC_STRINGS = NO;
				SWIFT_VERSION = 5.0;
				TARGETED_DEVICE_FAMILY = "1,2";
				TEST_TARGET_NAME = Porsche;
			};
			name = Debug;
		};
		D98F8D5E2C87F2B900E957CA /* Release */ = {
			isa = XCBuildConfiguration;
			buildSettings = {
				CODE_SIGN_STYLE = Automatic;
				CURRENT_PROJECT_VERSION = 1;
				DEVELOPMENT_TEAM = AV6QJ2F83C;
				ENABLE_USER_SCRIPT_SANDBOXING = YES;
				GENERATE_INFOPLIST_FILE = YES;
				IPHONEOS_DEPLOYMENT_TARGET = 17.2;
				MARKETING_VERSION = 1.0;
				PRODUCT_BUNDLE_IDENTIFIER = med.PorscheUITests;
				PRODUCT_NAME = "$(TARGET_NAME)";
				SDKROOT = iphoneos;
				SWIFT_EMIT_LOC_STRINGS = NO;
				SWIFT_VERSION = 5.0;
				TARGETED_DEVICE_FAMILY = "1,2";
				TEST_TARGET_NAME = Porsche;
				VALIDATE_PRODUCT = YES;
			};
			name = Release;
		};
/* End XCBuildConfiguration section */

/* Begin XCConfigurationList section */
		D93FD2492BA5E4AC0018F361 /* Build configuration list for PBXProject "Porsche" */ = {
			isa = XCConfigurationList;
			buildConfigurations = (
				D93FD25B2BA5E4AF0018F361 /* Debug */,
				D93FD25C2BA5E4AF0018F361 /* Release */,
			);
			defaultConfigurationIsVisible = 0;
			defaultConfigurationName = Release;
		};
		D93FD25D2BA5E4AF0018F361 /* Build configuration list for PBXNativeTarget "Porsche" */ = {
			isa = XCConfigurationList;
			buildConfigurations = (
				D93FD25E2BA5E4AF0018F361 /* Debug */,
				D93FD25F2BA5E4AF0018F361 /* Release */,
			);
			defaultConfigurationIsVisible = 0;
			defaultConfigurationName = Release;
		};
		D98F8D4F2C875A0200E957CA /* Build configuration list for PBXNativeTarget "PorscheTests" */ = {
			isa = XCConfigurationList;
			buildConfigurations = (
				D98F8D4D2C875A0200E957CA /* Debug */,
				D98F8D4E2C875A0200E957CA /* Release */,
			);
			defaultConfigurationIsVisible = 0;
			defaultConfigurationName = Release;
		};
		D98F8D5C2C87F2B900E957CA /* Build configuration list for PBXNativeTarget "PorscheUITests" */ = {
			isa = XCConfigurationList;
			buildConfigurations = (
				D98F8D5D2C87F2B900E957CA /* Debug */,
				D98F8D5E2C87F2B900E957CA /* Release */,
			);
			defaultConfigurationIsVisible = 0;
			defaultConfigurationName = Release;
		};
/* End XCConfigurationList section */
	};
	rootObject = D93FD2462BA5E4AC0018F361 /* Project object */;
}
